
Microsoft Visual Studio Solution File, Format Version 12.00
# Visual Studio Version 16
VisualStudioVersion = 16.0.31205.134
MinimumVisualStudioVersion = 10.0.40219.1
Project("{9A19103F-16F7-4668-BE54-9A1E7A4F7556}") = "RealEstatesWatcher.Models", "RealEstatesWatcher.Models\RealEstatesWatcher.Models.csproj", "{8427F23B-9B9B-4AA7-B31A-E8D0AE710886}"
EndProject
Project("{2150E333-8FDC-42A3-9474-1A3956D46DE8}") = "Portals", "Portals", "{D11D1C74-A620-4DB5-A319-576B7BBCECA1}"
EndProject
Project("{9A19103F-16F7-4668-BE54-9A1E7A4F7556}") = "RealEstatesWatcher.AdsPortals.BazosCz", "Portals\RealEstatesWatcher.AdsPortals.BazosCz\RealEstatesWatcher.AdsPortals.BazosCz.csproj", "{47DFD9CB-C9C0-46F7-9EC9-74C6D4AEF28D}"
EndProject
Project("{9A19103F-16F7-4668-BE54-9A1E7A4F7556}") = "RealEstatesWatcher.AdsPortals.Contracts", "Portals\RealEstatesWatcher.AdsPortals.Contracts\RealEstatesWatcher.AdsPortals.Contracts.csproj", "{947B87C6-5233-4947-A581-023565164C7F}"
EndProject
Project("{9A19103F-16F7-4668-BE54-9A1E7A4F7556}") = "RealEstatesWatcher.AdsPortals.SrealityCz", "Portals\RealEstatesWatcher.AdsPortals.SrealityCz\RealEstatesWatcher.AdsPortals.SrealityCz.csproj", "{76A964A0-B369-4BE3-B1FD-15ECE901F153}"
EndProject
Project("{9A19103F-16F7-4668-BE54-9A1E7A4F7556}") = "RealEstatesWatcher.AdsPortals.RemaxCz", "Portals\RealEstatesWatcher.AdsPortals.RemaxCz\RealEstatesWatcher.AdsPortals.RemaxCz.csproj", "{A4B0DFED-D0C9-433C-9116-44BC850095E5}"
EndProject
Project("{9A19103F-16F7-4668-BE54-9A1E7A4F7556}") = "RealEstatesWatcher.AdsPortals.FlatZoneCz", "Portals\RealEstatesWatcher.AdsPortals.FlatZoneCz\RealEstatesWatcher.AdsPortals.FlatZoneCz.csproj", "{AA468675-44EC-4DB5-A0F8-70E5E8C7E041}"
EndProject
Project("{2150E333-8FDC-42A3-9474-1A3956D46DE8}") = "Tools", "Tools", "{AE7F9527-3C1B-4BF2-8A00-A082877ECA22}"
	ProjectSection(SolutionItems) = preProject
		Tools\post-email-template.html = Tools\post-email-template.html
	EndProjectSection
EndProject
Project("{2150E333-8FDC-42A3-9474-1A3956D46DE8}") = "Node.js web scraper", "Node.js web scraper", "{D7508825-5BDC-4F8F-9D3E-F36456A5BBC8}"
	ProjectSection(SolutionItems) = preProject
		Tools\scraper\index.js = Tools\scraper\index.js
	EndProjectSection
EndProject
Project("{9A19103F-16F7-4668-BE54-9A1E7A4F7556}") = "RealEstatesWatcher.Scrapers", "Scrapers\RealEstatesWatcher.Scrapers\RealEstatesWatcher.Scrapers.csproj", "{E2E32BA6-64F5-4E49-AC6E-4574F3FC5CE0}"
EndProject
Project("{9A19103F-16F7-4668-BE54-9A1E7A4F7556}") = "RealEstatesWatcher.Core", "RealEstatesWatcher.Core\RealEstatesWatcher.Core.csproj", "{EB96ED5F-67B4-422A-9EEC-FBCF86F85DCB}"
EndProject
Project("{9A19103F-16F7-4668-BE54-9A1E7A4F7556}") = "RealEstatesWatcher.Scrapers.Contracts", "Scrapers\RealEstatesWatcher.Scrapers.Contracts\RealEstatesWatcher.Scrapers.Contracts.csproj", "{D133E3C3-F251-420E-A4EF-167B07231594}"
EndProject
Project("{9A19103F-16F7-4668-BE54-9A1E7A4F7556}") = "RealEstatesWatcher.UI.Console", "RealEstatesWatcher.UI.Console\RealEstatesWatcher.UI.Console.csproj", "{2182FC22-E967-4D26-8D47-CB6713DA8AF3}"
EndProject
Project("{2150E333-8FDC-42A3-9474-1A3956D46DE8}") = "Scrapers", "Scrapers", "{6E16A0E9-337F-4A04-9679-7B29DFDF1E18}"
EndProject
Project("{2150E333-8FDC-42A3-9474-1A3956D46DE8}") = "Handlers", "Handlers", "{950562AB-B166-4BDB-88E4-B2496D84D311}"
EndProject
Project("{9A19103F-16F7-4668-BE54-9A1E7A4F7556}") = "RealEstatesWatcher.AdPostsHandlers.Contracts", "Handlers\RealEstatesWatcher.AdPostsHandlers.Contracts\RealEstatesWatcher.AdPostsHandlers.Contracts.csproj", "{DD54E6FB-8CC7-4956-B338-53C8598BEAFB}"
EndProject
Project("{9A19103F-16F7-4668-BE54-9A1E7A4F7556}") = "RealEstatesWatcher.AdPostsHandlers.Email", "Handlers\RealEstatesWatcher.AdPostsHandlers.Email\RealEstatesWatcher.AdPostsHandlers.Email.csproj", "{F6AAFB57-F70C-4145-92AB-4B1B9749D777}"
EndProject
Project("{9A19103F-16F7-4668-BE54-9A1E7A4F7556}") = "RealEstatesWatcher.AdsPortals.BezrealitkyCz", "Portals\RealEstatesWatcher.AdsPortals.BezrealitkyCz\RealEstatesWatcher.AdsPortals.BezrealitkyCz.csproj", "{BDFC7A2A-3152-49A3-92AF-BD2079044463}"
EndProject
Project("{9A19103F-16F7-4668-BE54-9A1E7A4F7556}") = "RealEstatesWatcher.AdsPortals.RealityIdnesCz", "Portals\RealEstatesWatcher.AdsPortals.RealityIdnesCz\RealEstatesWatcher.AdsPortals.RealityIdnesCz.csproj", "{A8BC8493-5583-4597-AC18-F2E277BB7019}"
EndProject
Project("{9A19103F-16F7-4668-BE54-9A1E7A4F7556}") = "RealEstatesWatcher.AdsPortals.RealcityCz", "Portals\RealEstatesWatcher.AdsPortals.RealcityCz\RealEstatesWatcher.AdsPortals.RealcityCz.csproj", "{9BC6B638-84C0-4AC2-B85A-9713C1E0EAB9}"
EndProject
Project("{9A19103F-16F7-4668-BE54-9A1E7A4F7556}") = "RealEstatesWatcher.AdsPortals.Base", "Portals\RealEstatesWatcher.AdsPortals.Base\RealEstatesWatcher.AdsPortals.Base.csproj", "{3AF2DD13-9D39-4C5F-AAAB-D3B994F88169}"
EndProject
Project("{9A19103F-16F7-4668-BE54-9A1E7A4F7556}") = "RealEstatesWatcher.AdsPortals.MMRealityCz", "Portals\RealEstatesWatcher.AdsPortals.MMRealityCz\RealEstatesWatcher.AdsPortals.MMRealityCz.csproj", "{6F123FD7-8F46-4A16-AF7A-E4E461465989}"
EndProject
Project("{9A19103F-16F7-4668-BE54-9A1E7A4F7556}") = "RealEstatesWatcher.AdsPortals.CeskeRealityCz", "Portals\RealEstatesWatcher.AdsPortals.CeskeRealityCz\RealEstatesWatcher.AdsPortals.CeskeRealityCz.csproj", "{139C70CD-5C25-4EC0-B3A9-CBB3B9F5AD75}"
EndProject
Project("{9A19103F-16F7-4668-BE54-9A1E7A4F7556}") = "RealEstatesWatcher.AdPostsHandlers.File", "Handlers\RealEstatesWatcher.AdPostsHandlers.File\RealEstatesWatcher.AdPostsHandlers.File.csproj", "{57A4B520-C3EA-4A87-871F-1E3F426317F8}"
EndProject
Project("{2150E333-8FDC-42A3-9474-1A3956D46DE8}") = "Filters", "Filters", "{457FC912-9373-4644-A307-F4CEF8406EA2}"
EndProject
Project("{9A19103F-16F7-4668-BE54-9A1E7A4F7556}") = "RealEstatesWatcher.AdPostsFilters.Contracts", "Filters\RealEstatesWatcher.AdPostsFilters.Contracts\RealEstatesWatcher.AdPostsFilters.Contracts.csproj", "{F3B7515A-3682-4747-8D54-EF65262CE86C}"
EndProject
Project("{9A19103F-16F7-4668-BE54-9A1E7A4F7556}") = "RealEstatesWatcher.AdPostsFilters.BasicFilter", "Filters\RealEstatesWatcher.AdPostsFilters.BasicFilter\RealEstatesWatcher.AdPostsFilters.BasicFilter.csproj", "{D4B1A3D9-8483-4E94-8BF8-44E9D3215E6E}"
EndProject
Project("{9A19103F-16F7-4668-BE54-9A1E7A4F7556}") = "RealEstatesWatcher.AdsPortals.BravisCz", "Portals\RealEstatesWatcher.AdsPortals.BravisCz\RealEstatesWatcher.AdsPortals.BravisCz.csproj", "{B43C9273-EBA0-4BC2-B853-82EE70F3E0A3}"
EndProject
Project("{FAE04EC0-301F-11D3-BF4B-00C04F79EFBC}") = "RealEstatesWatcher.AdsPortals.BidliCz", "Portals\RealEstatesWatcher.AdsPortals.BidliCz\RealEstatesWatcher.AdsPortals.BidliCz.csproj", "{79BABF8B-6118-4DFC-90ED-30CDB8C36315}"
EndProject
Global
	GlobalSection(SolutionConfigurationPlatforms) = preSolution
		Debug|Any CPU = Debug|Any CPU
		Release|Any CPU = Release|Any CPU
	EndGlobalSection
	GlobalSection(ProjectConfigurationPlatforms) = postSolution
		{8427F23B-9B9B-4AA7-B31A-E8D0AE710886}.Debug|Any CPU.ActiveCfg = Debug|Any CPU
		{8427F23B-9B9B-4AA7-B31A-E8D0AE710886}.Debug|Any CPU.Build.0 = Debug|Any CPU
		{8427F23B-9B9B-4AA7-B31A-E8D0AE710886}.Release|Any CPU.ActiveCfg = Release|Any CPU
		{8427F23B-9B9B-4AA7-B31A-E8D0AE710886}.Release|Any CPU.Build.0 = Release|Any CPU
		{47DFD9CB-C9C0-46F7-9EC9-74C6D4AEF28D}.Debug|Any CPU.ActiveCfg = Debug|Any CPU
		{47DFD9CB-C9C0-46F7-9EC9-74C6D4AEF28D}.Debug|Any CPU.Build.0 = Debug|Any CPU
		{47DFD9CB-C9C0-46F7-9EC9-74C6D4AEF28D}.Release|Any CPU.ActiveCfg = Release|Any CPU
		{47DFD9CB-C9C0-46F7-9EC9-74C6D4AEF28D}.Release|Any CPU.Build.0 = Release|Any CPU
		{947B87C6-5233-4947-A581-023565164C7F}.Debug|Any CPU.ActiveCfg = Debug|Any CPU
		{947B87C6-5233-4947-A581-023565164C7F}.Debug|Any CPU.Build.0 = Debug|Any CPU
		{947B87C6-5233-4947-A581-023565164C7F}.Release|Any CPU.ActiveCfg = Release|Any CPU
		{947B87C6-5233-4947-A581-023565164C7F}.Release|Any CPU.Build.0 = Release|Any CPU
		{76A964A0-B369-4BE3-B1FD-15ECE901F153}.Debug|Any CPU.ActiveCfg = Debug|Any CPU
		{76A964A0-B369-4BE3-B1FD-15ECE901F153}.Debug|Any CPU.Build.0 = Debug|Any CPU
		{76A964A0-B369-4BE3-B1FD-15ECE901F153}.Release|Any CPU.ActiveCfg = Release|Any CPU
		{76A964A0-B369-4BE3-B1FD-15ECE901F153}.Release|Any CPU.Build.0 = Release|Any CPU
		{A4B0DFED-D0C9-433C-9116-44BC850095E5}.Debug|Any CPU.ActiveCfg = Debug|Any CPU
		{A4B0DFED-D0C9-433C-9116-44BC850095E5}.Debug|Any CPU.Build.0 = Debug|Any CPU
		{A4B0DFED-D0C9-433C-9116-44BC850095E5}.Release|Any CPU.ActiveCfg = Release|Any CPU
		{A4B0DFED-D0C9-433C-9116-44BC850095E5}.Release|Any CPU.Build.0 = Release|Any CPU
		{AA468675-44EC-4DB5-A0F8-70E5E8C7E041}.Debug|Any CPU.ActiveCfg = Debug|Any CPU
		{AA468675-44EC-4DB5-A0F8-70E5E8C7E041}.Debug|Any CPU.Build.0 = Debug|Any CPU
		{AA468675-44EC-4DB5-A0F8-70E5E8C7E041}.Release|Any CPU.ActiveCfg = Release|Any CPU
		{AA468675-44EC-4DB5-A0F8-70E5E8C7E041}.Release|Any CPU.Build.0 = Release|Any CPU
		{E2E32BA6-64F5-4E49-AC6E-4574F3FC5CE0}.Debug|Any CPU.ActiveCfg = Debug|Any CPU
		{E2E32BA6-64F5-4E49-AC6E-4574F3FC5CE0}.Debug|Any CPU.Build.0 = Debug|Any CPU
		{E2E32BA6-64F5-4E49-AC6E-4574F3FC5CE0}.Release|Any CPU.ActiveCfg = Release|Any CPU
		{E2E32BA6-64F5-4E49-AC6E-4574F3FC5CE0}.Release|Any CPU.Build.0 = Release|Any CPU
		{EB96ED5F-67B4-422A-9EEC-FBCF86F85DCB}.Debug|Any CPU.ActiveCfg = Debug|Any CPU
		{EB96ED5F-67B4-422A-9EEC-FBCF86F85DCB}.Debug|Any CPU.Build.0 = Debug|Any CPU
		{EB96ED5F-67B4-422A-9EEC-FBCF86F85DCB}.Release|Any CPU.ActiveCfg = Release|Any CPU
		{EB96ED5F-67B4-422A-9EEC-FBCF86F85DCB}.Release|Any CPU.Build.0 = Release|Any CPU
		{D133E3C3-F251-420E-A4EF-167B07231594}.Debug|Any CPU.ActiveCfg = Debug|Any CPU
		{D133E3C3-F251-420E-A4EF-167B07231594}.Debug|Any CPU.Build.0 = Debug|Any CPU
		{D133E3C3-F251-420E-A4EF-167B07231594}.Release|Any CPU.ActiveCfg = Release|Any CPU
		{D133E3C3-F251-420E-A4EF-167B07231594}.Release|Any CPU.Build.0 = Release|Any CPU
		{2182FC22-E967-4D26-8D47-CB6713DA8AF3}.Debug|Any CPU.ActiveCfg = Debug|Any CPU
		{2182FC22-E967-4D26-8D47-CB6713DA8AF3}.Debug|Any CPU.Build.0 = Debug|Any CPU
		{2182FC22-E967-4D26-8D47-CB6713DA8AF3}.Release|Any CPU.ActiveCfg = Release|Any CPU
		{2182FC22-E967-4D26-8D47-CB6713DA8AF3}.Release|Any CPU.Build.0 = Release|Any CPU
		{DD54E6FB-8CC7-4956-B338-53C8598BEAFB}.Debug|Any CPU.ActiveCfg = Debug|Any CPU
		{DD54E6FB-8CC7-4956-B338-53C8598BEAFB}.Debug|Any CPU.Build.0 = Debug|Any CPU
		{DD54E6FB-8CC7-4956-B338-53C8598BEAFB}.Release|Any CPU.ActiveCfg = Release|Any CPU
		{DD54E6FB-8CC7-4956-B338-53C8598BEAFB}.Release|Any CPU.Build.0 = Release|Any CPU
		{F6AAFB57-F70C-4145-92AB-4B1B9749D777}.Debug|Any CPU.ActiveCfg = Debug|Any CPU
		{F6AAFB57-F70C-4145-92AB-4B1B9749D777}.Debug|Any CPU.Build.0 = Debug|Any CPU
		{F6AAFB57-F70C-4145-92AB-4B1B9749D777}.Release|Any CPU.ActiveCfg = Release|Any CPU
		{F6AAFB57-F70C-4145-92AB-4B1B9749D777}.Release|Any CPU.Build.0 = Release|Any CPU
		{BDFC7A2A-3152-49A3-92AF-BD2079044463}.Debug|Any CPU.ActiveCfg = Debug|Any CPU
		{BDFC7A2A-3152-49A3-92AF-BD2079044463}.Debug|Any CPU.Build.0 = Debug|Any CPU
		{BDFC7A2A-3152-49A3-92AF-BD2079044463}.Release|Any CPU.ActiveCfg = Release|Any CPU
		{BDFC7A2A-3152-49A3-92AF-BD2079044463}.Release|Any CPU.Build.0 = Release|Any CPU
		{A8BC8493-5583-4597-AC18-F2E277BB7019}.Debug|Any CPU.ActiveCfg = Debug|Any CPU
		{A8BC8493-5583-4597-AC18-F2E277BB7019}.Debug|Any CPU.Build.0 = Debug|Any CPU
		{A8BC8493-5583-4597-AC18-F2E277BB7019}.Release|Any CPU.ActiveCfg = Release|Any CPU
		{A8BC8493-5583-4597-AC18-F2E277BB7019}.Release|Any CPU.Build.0 = Release|Any CPU
		{9BC6B638-84C0-4AC2-B85A-9713C1E0EAB9}.Debug|Any CPU.ActiveCfg = Debug|Any CPU
		{9BC6B638-84C0-4AC2-B85A-9713C1E0EAB9}.Debug|Any CPU.Build.0 = Debug|Any CPU
		{9BC6B638-84C0-4AC2-B85A-9713C1E0EAB9}.Release|Any CPU.ActiveCfg = Release|Any CPU
		{9BC6B638-84C0-4AC2-B85A-9713C1E0EAB9}.Release|Any CPU.Build.0 = Release|Any CPU
		{3AF2DD13-9D39-4C5F-AAAB-D3B994F88169}.Debug|Any CPU.ActiveCfg = Debug|Any CPU
		{3AF2DD13-9D39-4C5F-AAAB-D3B994F88169}.Debug|Any CPU.Build.0 = Debug|Any CPU
		{3AF2DD13-9D39-4C5F-AAAB-D3B994F88169}.Release|Any CPU.ActiveCfg = Release|Any CPU
		{3AF2DD13-9D39-4C5F-AAAB-D3B994F88169}.Release|Any CPU.Build.0 = Release|Any CPU
		{6F123FD7-8F46-4A16-AF7A-E4E461465989}.Debug|Any CPU.ActiveCfg = Debug|Any CPU
		{6F123FD7-8F46-4A16-AF7A-E4E461465989}.Debug|Any CPU.Build.0 = Debug|Any CPU
		{6F123FD7-8F46-4A16-AF7A-E4E461465989}.Release|Any CPU.ActiveCfg = Release|Any CPU
		{6F123FD7-8F46-4A16-AF7A-E4E461465989}.Release|Any CPU.Build.0 = Release|Any CPU
		{139C70CD-5C25-4EC0-B3A9-CBB3B9F5AD75}.Debug|Any CPU.ActiveCfg = Debug|Any CPU
		{139C70CD-5C25-4EC0-B3A9-CBB3B9F5AD75}.Debug|Any CPU.Build.0 = Debug|Any CPU
		{139C70CD-5C25-4EC0-B3A9-CBB3B9F5AD75}.Release|Any CPU.ActiveCfg = Release|Any CPU
		{139C70CD-5C25-4EC0-B3A9-CBB3B9F5AD75}.Release|Any CPU.Build.0 = Release|Any CPU
		{57A4B520-C3EA-4A87-871F-1E3F426317F8}.Debug|Any CPU.ActiveCfg = Debug|Any CPU
		{57A4B520-C3EA-4A87-871F-1E3F426317F8}.Debug|Any CPU.Build.0 = Debug|Any CPU
		{57A4B520-C3EA-4A87-871F-1E3F426317F8}.Release|Any CPU.ActiveCfg = Release|Any CPU
		{57A4B520-C3EA-4A87-871F-1E3F426317F8}.Release|Any CPU.Build.0 = Release|Any CPU
		{F3B7515A-3682-4747-8D54-EF65262CE86C}.Debug|Any CPU.ActiveCfg = Debug|Any CPU
		{F3B7515A-3682-4747-8D54-EF65262CE86C}.Debug|Any CPU.Build.0 = Debug|Any CPU
		{F3B7515A-3682-4747-8D54-EF65262CE86C}.Release|Any CPU.ActiveCfg = Release|Any CPU
		{F3B7515A-3682-4747-8D54-EF65262CE86C}.Release|Any CPU.Build.0 = Release|Any CPU
		{D4B1A3D9-8483-4E94-8BF8-44E9D3215E6E}.Debug|Any CPU.ActiveCfg = Debug|Any CPU
		{D4B1A3D9-8483-4E94-8BF8-44E9D3215E6E}.Debug|Any CPU.Build.0 = Debug|Any CPU
		{D4B1A3D9-8483-4E94-8BF8-44E9D3215E6E}.Release|Any CPU.ActiveCfg = Release|Any CPU
		{D4B1A3D9-8483-4E94-8BF8-44E9D3215E6E}.Release|Any CPU.Build.0 = Release|Any CPU
		{B43C9273-EBA0-4BC2-B853-82EE70F3E0A3}.Debug|Any CPU.ActiveCfg = Debug|Any CPU
		{B43C9273-EBA0-4BC2-B853-82EE70F3E0A3}.Debug|Any CPU.Build.0 = Debug|Any CPU
		{B43C9273-EBA0-4BC2-B853-82EE70F3E0A3}.Release|Any CPU.ActiveCfg = Release|Any CPU
		{B43C9273-EBA0-4BC2-B853-82EE70F3E0A3}.Release|Any CPU.Build.0 = Release|Any CPU
		{79BABF8B-6118-4DFC-90ED-30CDB8C36315}.Debug|Any CPU.ActiveCfg = Debug|Any CPU
		{79BABF8B-6118-4DFC-90ED-30CDB8C36315}.Debug|Any CPU.Build.0 = Debug|Any CPU
		{79BABF8B-6118-4DFC-90ED-30CDB8C36315}.Release|Any CPU.ActiveCfg = Release|Any CPU
		{79BABF8B-6118-4DFC-90ED-30CDB8C36315}.Release|Any CPU.Build.0 = Release|Any CPU
	EndGlobalSection
	GlobalSection(SolutionProperties) = preSolution
		HideSolutionNode = FALSE
	EndGlobalSection
	GlobalSection(NestedProjects) = preSolution
		{47DFD9CB-C9C0-46F7-9EC9-74C6D4AEF28D} = {D11D1C74-A620-4DB5-A319-576B7BBCECA1}
		{947B87C6-5233-4947-A581-023565164C7F} = {D11D1C74-A620-4DB5-A319-576B7BBCECA1}
		{76A964A0-B369-4BE3-B1FD-15ECE901F153} = {D11D1C74-A620-4DB5-A319-576B7BBCECA1}
		{A4B0DFED-D0C9-433C-9116-44BC850095E5} = {D11D1C74-A620-4DB5-A319-576B7BBCECA1}
		{AA468675-44EC-4DB5-A0F8-70E5E8C7E041} = {D11D1C74-A620-4DB5-A319-576B7BBCECA1}
		{D7508825-5BDC-4F8F-9D3E-F36456A5BBC8} = {AE7F9527-3C1B-4BF2-8A00-A082877ECA22}
		{E2E32BA6-64F5-4E49-AC6E-4574F3FC5CE0} = {6E16A0E9-337F-4A04-9679-7B29DFDF1E18}
		{D133E3C3-F251-420E-A4EF-167B07231594} = {6E16A0E9-337F-4A04-9679-7B29DFDF1E18}
		{DD54E6FB-8CC7-4956-B338-53C8598BEAFB} = {950562AB-B166-4BDB-88E4-B2496D84D311}
		{F6AAFB57-F70C-4145-92AB-4B1B9749D777} = {950562AB-B166-4BDB-88E4-B2496D84D311}
		{BDFC7A2A-3152-49A3-92AF-BD2079044463} = {D11D1C74-A620-4DB5-A319-576B7BBCECA1}
		{A8BC8493-5583-4597-AC18-F2E277BB7019} = {D11D1C74-A620-4DB5-A319-576B7BBCECA1}
		{9BC6B638-84C0-4AC2-B85A-9713C1E0EAB9} = {D11D1C74-A620-4DB5-A319-576B7BBCECA1}
		{3AF2DD13-9D39-4C5F-AAAB-D3B994F88169} = {D11D1C74-A620-4DB5-A319-576B7BBCECA1}
		{6F123FD7-8F46-4A16-AF7A-E4E461465989} = {D11D1C74-A620-4DB5-A319-576B7BBCECA1}
		{139C70CD-5C25-4EC0-B3A9-CBB3B9F5AD75} = {D11D1C74-A620-4DB5-A319-576B7BBCECA1}
		{57A4B520-C3EA-4A87-871F-1E3F426317F8} = {950562AB-B166-4BDB-88E4-B2496D84D311}
		{F3B7515A-3682-4747-8D54-EF65262CE86C} = {457FC912-9373-4644-A307-F4CEF8406EA2}
		{D4B1A3D9-8483-4E94-8BF8-44E9D3215E6E} = {457FC912-9373-4644-A307-F4CEF8406EA2}
		{B43C9273-EBA0-4BC2-B853-82EE70F3E0A3} = {D11D1C74-A620-4DB5-A319-576B7BBCECA1}
		{79BABF8B-6118-4DFC-90ED-30CDB8C36315} = {D11D1C74-A620-4DB5-A319-576B7BBCECA1}
	EndGlobalSection
	GlobalSection(ExtensibilityGlobals) = postSolution
		SolutionGuid = {D2618839-27DA-461E-81D0-0989C4827D9F}
	EndGlobalSection
EndGlobal
